// !$*UTF8*$!
{
	archiveVersion = 1;
	classes = {
	};
	objectVersion = 46;
	objects = {

/* Begin PBXBuildFile section */
		3A21AA6E1A5A8E5600D70DEA /* UIKit.framework in Frameworks */ = {isa = PBXBuildFile; fileRef = 3A21AA6D1A5A8E5600D70DEA /* UIKit.framework */; };
		3A21AA701A5A8E5600D70DEA /* Foundation.framework in Frameworks */ = {isa = PBXBuildFile; fileRef = 3A21AA6F1A5A8E5600D70DEA /* Foundation.framework */; };
		3A21AA721A5A8E5600D70DEA /* CoreGraphics.framework in Frameworks */ = {isa = PBXBuildFile; fileRef = 3A21AA711A5A8E5600D70DEA /* CoreGraphics.framework */; };
		3A21AA781A5A8E5600D70DEA /* InfoPlist.strings in Resources */ = {isa = PBXBuildFile; fileRef = 3A21AA761A5A8E5600D70DEA /* InfoPlist.strings */; };
		3A21AA7A1A5A8E5600D70DEA /* main.m in Sources */ = {isa = PBXBuildFile; fileRef = 3A21AA791A5A8E5600D70DEA /* main.m */; };
		3A21AA7E1A5A8E5600D70DEA /* AppDelegate.m in Sources */ = {isa = PBXBuildFile; fileRef = 3A21AA7D1A5A8E5600D70DEA /* AppDelegate.m */; };
		3A21AA801A5A8E5600D70DEA /* Default.png in Resources */ = {isa = PBXBuildFile; fileRef = 3A21AA7F1A5A8E5600D70DEA /* Default.png */; };
		3A21AA821A5A8E5600D70DEA /* Default@2x.png in Resources */ = {isa = PBXBuildFile; fileRef = 3A21AA811A5A8E5600D70DEA /* Default@2x.png */; };
		3A21AA841A5A8E5600D70DEA /* Default-568h@2x.png in Resources */ = {isa = PBXBuildFile; fileRef = 3A21AA831A5A8E5600D70DEA /* Default-568h@2x.png */; };
		3A21AA871A5A8E5700D70DEA /* ViewController.m in Sources */ = {isa = PBXBuildFile; fileRef = 3A21AA861A5A8E5700D70DEA /* ViewController.m */; };
		3A21AA8A1A5A8E5700D70DEA /* ViewController.xib in Resources */ = {isa = PBXBuildFile; fileRef = 3A21AA881A5A8E5700D70DEA /* ViewController.xib */; };
/* End PBXBuildFile section */

/* Begin PBXFileReference section */
		3A21AA6A1A5A8E5600D70DEA /* testGitHub.app */ = {isa = PBXFileReference; explicitFileType = wrapper.application; includeInIndex = 0; path = testGitHub.app; sourceTree = BUILT_PRODUCTS_DIR; };
		3A21AA6D1A5A8E5600D70DEA /* UIKit.framework */ = {isa = PBXFileReference; lastKnownFileType = wrapper.framework; name = UIKit.framework; path = System/Library/Frameworks/UIKit.framework; sourceTree = SDKROOT; };
		3A21AA6F1A5A8E5600D70DEA /* Foundation.framework */ = {isa = PBXFileReference; lastKnownFileType = wrapper.framework; name = Foundation.framework; path = System/Library/Frameworks/Foundation.framework; sourceTree = SDKROOT; };
		3A21AA711A5A8E5600D70DEA /* CoreGraphics.framework */ = {isa = PBXFileReference; lastKnownFileType = wrapper.framework; name = CoreGraphics.framework; path = System/Library/Frameworks/CoreGraphics.framework; sourceTree = SDKROOT; };
		3A21AA751A5A8E5600D70DEA /* testGitHub-Info.plist */ = {isa = PBXFileReference; lastKnownFileType = text.plist.xml; path = "testGitHub-Info.plist"; sourceTree = "<group>"; };
		3A21AA771A5A8E5600D70DEA /* en */ = {isa = PBXFileReference; lastKnownFileType = text.plist.strings; name = en; path = en.lproj/InfoPlist.strings; sourceTree = "<group>"; };
		3A21AA791A5A8E5600D70DEA /* main.m */ = {isa = PBXFileReference; lastKnownFileType = sourcecode.c.objc; path = main.m; sourceTree = "<group>"; };
		3A21AA7B1A5A8E5600D70DEA /* testGitHub-Prefix.pch */ = {isa = PBXFileReference; lastKnownFileType = sourcecode.c.h; path = "testGitHub-Prefix.pch"; sourceTree = "<group>"; };
		3A21AA7C1A5A8E5600D70DEA /* AppDelegate.h */ = {isa = PBXFileReference; lastKnownFileType = sourcecode.c.h; path = AppDelegate.h; sourceTree = "<group>"; };
		3A21AA7D1A5A8E5600D70DEA /* AppDelegate.m */ = {isa = PBXFileReference; lastKnownFileType = sourcecode.c.objc; path = AppDelegate.m; sourceTree = "<group>"; };
		3A21AA7F1A5A8E5600D70DEA /* Default.png */ = {isa = PBXFileReference; lastKnownFileType = image.png; path = Default.png; sourceTree = "<group>"; };
		3A21AA811A5A8E5600D70DEA /* Default@2x.png */ = {isa = PBXFileReference; lastKnownFileType = image.png; path = "Default@2x.png"; sourceTree = "<group>"; };
		3A21AA831A5A8E5600D70DEA /* Default-568h@2x.png */ = {isa = PBXFileReference; lastKnownFileType = image.png; path = "Default-568h@2x.png"; sourceTree = "<group>"; };
		3A21AA851A5A8E5700D70DEA /* ViewController.h */ = {isa = PBXFileReference; lastKnownFileType = sourcecode.c.h; path = ViewController.h; sourceTree = "<group>"; };
		3A21AA861A5A8E5700D70DEA /* ViewController.m */ = {isa = PBXFileReference; lastKnownFileType = sourcecode.c.objc; path = ViewController.m; sourceTree = "<group>"; };
		3A21AA891A5A8E5700D70DEA /* en */ = {isa = PBXFileReference; lastKnownFileType = file.xib; name = en; path = en.lproj/ViewController.xib; sourceTree = "<group>"; };
/* End PBXFileReference section */

/* Begin PBXFrameworksBuildPhase section */
		3A21AA671A5A8E5600D70DEA /* Frameworks */ = {
			isa = PBXFrameworksBuildPhase;
			buildActionMask = 2147483647;
			files = (
				3A21AA6E1A5A8E5600D70DEA /* UIKit.framework in Frameworks */,
				3A21AA701A5A8E5600D70DEA /* Foundation.framework in Frameworks */,
				3A21AA721A5A8E5600D70DEA /* CoreGraphics.framework in Frameworks */,
			);
			runOnlyForDeploymentPostprocessing = 0;
		};
/* End PBXFrameworksBuildPhase section */

/* Begin PBXGroup section */
		3A21AA611A5A8E5600D70DEA = {
			isa = PBXGroup;
			children = (
				3A21AA731A5A8E5600D70DEA /* testGitHub */,
				3A21AA6C1A5A8E5600D70DEA /* Frameworks */,
				3A21AA6B1A5A8E5600D70DEA /* Products */,
			);
			sourceTree = "<group>";
		};
		3A21AA6B1A5A8E5600D70DEA /* Products */ = {
			isa = PBXGroup;
			children = (
				3A21AA6A1A5A8E5600D70DEA /* testGitHub.app */,
			);
			name = Products;
			sourceTree = "<group>";
		};
		3A21AA6C1A5A8E5600D70DEA /* Frameworks */ = {
			isa = PBXGroup;
			children = (
				3A21AA6D1A5A8E5600D70DEA /* UIKit.framework */,
				3A21AA6F1A5A8E5600D70DEA /* Foundation.framework */,
				3A21AA711A5A8E5600D70DEA /* CoreGraphics.framework */,
			);
			name = Frameworks;
			sourceTree = "<group>";
		};
		3A21AA731A5A8E5600D70DEA /* testGitHub */ = {
			isa = PBXGroup;
			children = (
				3A21AA7C1A5A8E5600D70DEA /* AppDelegate.h */,
				3A21AA7D1A5A8E5600D70DEA /* AppDelegate.m */,
				3A21AA851A5A8E5700D70DEA /* ViewController.h */,
				3A21AA861A5A8E5700D70DEA /* ViewController.m */,
				3A21AA881A5A8E5700D70DEA /* ViewController.xib */,
				3A21AA741A5A8E5600D70DEA /* Supporting Files */,
			);
			path = testGitHub;
			sourceTree = "<group>";
		};
		3A21AA741A5A8E5600D70DEA /* Supporting Files */ = {
			isa = PBXGroup;
			children = (
				3A21AA751A5A8E5600D70DEA /* testGitHub-Info.plist */,
				3A21AA761A5A8E5600D70DEA /* InfoPlist.strings */,
				3A21AA791A5A8E5600D70DEA /* main.m */,
				3A21AA7B1A5A8E5600D70DEA /* testGitHub-Prefix.pch */,
				3A21AA7F1A5A8E5600D70DEA /* Default.png */,
				3A21AA811A5A8E5600D70DEA /* Default@2x.png */,
				3A21AA831A5A8E5600D70DEA /* Default-568h@2x.png */,
			);
			name = "Supporting Files";
			sourceTree = "<group>";
		};
/* End PBXGroup section */

/* Begin PBXNativeTarget section */
		3A21AA691A5A8E5600D70DEA /* testGitHub */ = {
			isa = PBXNativeTarget;
			buildConfigurationList = 3A21AA8D1A5A8E5700D70DEA /* Build configuration list for PBXNativeTarget "testGitHub" */;
			buildPhases = (
				3A21AA661A5A8E5600D70DEA /* Sources */,
				3A21AA671A5A8E5600D70DEA /* Frameworks */,
				3A21AA681A5A8E5600D70DEA /* Resources */,
			);
			buildRules = (
			);
			dependencies = (
			);
			name = testGitHub;
			productName = testGitHub;
			productReference = 3A21AA6A1A5A8E5600D70DEA /* testGitHub.app */;
			productType = "com.apple.product-type.application";
		};
/* End PBXNativeTarget section */

/* Begin PBXProject section */
		3A21AA621A5A8E5600D70DEA /* Project object */ = {
			isa = PBXProject;
			attributes = {
				LastUpgradeCheck = 0460;
				ORGANIZATIONNAME = hans;
			};
			buildConfigurationList = 3A21AA651A5A8E5600D70DEA /* Build configuration list for PBXProject "testGitHub" */;
			compatibilityVersion = "Xcode 3.2";
			developmentRegion = English;
			hasScannedForEncodings = 0;
			knownRegions = (
				en,
			);
			mainGroup = 3A21AA611A5A8E5600D70DEA;
			productRefGroup = 3A21AA6B1A5A8E5600D70DEA /* Products */;
			projectDirPath = "";
			projectRoot = "";
			targets = (
				3A21AA691A5A8E5600D70DEA /* testGitHub */,
			);
		};
/* End PBXProject section */

/* Begin PBXResourcesBuildPhase section */
		3A21AA681A5A8E5600D70DEA /* Resources */ = {
			isa = PBXResourcesBuildPhase;
			buildActionMask = 2147483647;
			files = (
				3A21AA781A5A8E5600D70DEA /* InfoPlist.strings in Resources */,
				3A21AA801A5A8E5600D70DEA /* Default.png in Resources */,
				3A21AA821A5A8E5600D70DEA /* Default@2x.png in Resources */,
				3A21AA841A5A8E5600D70DEA /* Default-568h@2x.png in Resources */,
				3A21AA8A1A5A8E5700D70DEA /* ViewController.xib in Resources */,
			);
			runOnlyForDeploymentPostprocessing = 0;
		};
/* End PBXResourcesBuildPhase section */

/* Begin PBXSourcesBuildPhase section */
		3A21AA661A5A8E5600D70DEA /* Sources */ = {
			isa = PBXSourcesBuildPhase;
			buildActionMask = 2147483647;
			files = (
				3A21AA7A1A5A8E5600D70DEA /* main.m in Sources */,
				3A21AA7E1A5A8E5600D70DEA /* AppDelegate.m in Sources */,
				3A21AA871A5A8E5700D70DEA /* ViewController.m in Sources */,
			);
			runOnlyForDeploymentPostprocessing = 0;
		};
/* End PBXSourcesBuildPhase section */

/* Begin PBXVariantGroup section */
		3A21AA761A5A8E5600D70DEA /* InfoPlist.strings */ = {
			isa = PBXVariantGroup;
			children = (
				3A21AA771A5A8E5600D70DEA /* en */,
			);
			name = InfoPlist.strings;
			sourceTree = "<group>";
		};
		3A21AA881A5A8E5700D70DEA /* ViewController.xib */ = {
			isa = PBXVariantGroup;
			children = (
				3A21AA891A5A8E5700D70DEA /* en */,
			);
			name = ViewController.xib;
			sourceTree = "<group>";
		};
/* End PBXVariantGroup section */

/* Begin XCBuildConfiguration section */
		3A21AA8B1A5A8E5700D70DEA /* Debug */ = {
			isa = XCBuildConfiguration;
			buildSettings = {
				ALWAYS_SEARCH_USER_PATHS = NO;
				CLANG_CXX_LANGUAGE_STANDARD = "gnu++0x";
				CLANG_CXX_LIBRARY = "libc++";
				CLANG_ENABLE_OBJC_ARC = YES;
				CLANG_WARN_CONSTANT_CONVERSION = YES;
				CLANG_WARN_EMPTY_BODY = YES;
				CLANG_WARN_ENUM_CONVERSION = YES;
				CLANG_WARN_INT_CONVERSION = YES;
				CLANG_WARN__DUPLICATE_METHOD_MATCH = YES;
				"CODE_SIGN_IDENTITY[sdk=iphoneos*]" = "iPhone Developer";
				COPY_PHASE_STRIP = NO;
				GCC_C_LANGUAGE_STANDARD = gnu99;
				GCC_DYNAMIC_NO_PIC = NO;
				GCC_OPTIMIZATION_LEVEL = 0;
				GCC_PREPROCESSOR_DEFINITIONS = (
					"DEBUG=1",
					"$(inherited)",
				);
				GCC_SYMBOLS_PRIVATE_EXTERN = NO;
				GCC_WARN_ABOUT_RETURN_TYPE = YES;
				GCC_WARN_UNINITIALIZED_AUTOS = YES;
				GCC_WARN_UNUSED_VARIABLE = YES;
				IPHONEOS_DEPLOYMENT_TARGET = 6.1;
				ONLY_ACTIVE_ARCH = YES;
				SDKROOT = iphoneos;
			};
			name = Debug;
		};
		3A21AA8C1A5A8E5700D70DEA /* Release */ = {
			isa = XCBuildConfiguration;
			buildSettings = {
				ALWAYS_SEARCH_USER_PATHS = NO;
				CLANG_CXX_LANGUAGE_STANDARD = "gnu++0x";
				CLANG_CXX_LIBRARY = "libc++";
				CLANG_ENABLE_OBJC_ARC = YES;
				CLANG_WARN_CONSTANT_CONVERSION = YES;
				CLANG_WARN_EMPTY_BODY = YES;
				CLANG_WARN_ENUM_CONVERSION = YES;
				CLANG_WARN_INT_CONVERSION = YES;
				CLANG_WARN__DUPLICATE_METHOD_MATCH = YES;
				"CODE_SIGN_IDENTITY[sdk=iphoneos*]" = "iPhone Developer";
				COPY_PHASE_STRIP = YES;
				GCC_C_LANGUAGE_STANDARD = gnu99;
				GCC_WARN_ABOUT_RETURN_TYPE = YES;
				GCC_WARN_UNINITIALIZED_AUTOS = YES;
				GCC_WARN_UNUSED_VARIABLE = YES;
				IPHONEOS_DEPLOYMENT_TARGET = 6.1;
				OTHER_CFLAGS = "-DNS_BLOCK_ASSERTIONS=1";
				SDKROOT = iphoneos;
				VALIDATE_PRODUCT = YES;
			};
			name = Release;
		};
		3A21AA8E1A5A8E5700D70DEA /* Debug */ = {
			isa = XCBuildConfiguration;
			buildSettings = {
				GCC_PRECOMPILE_PREFIX_HEADER = YES;
				GCC_PREFIX_HEADER = "testGitHub/testGitHub-Prefix.pch";
				INFOPLIST_FILE = "testGitHub/testGitHub-Info.plist";
				PRODUCT_NAME = "$(TARGET_NAME)";
				WRAPPER_EXTENSION = app;
			};
			name = Debug;
		};
		3A21AA8F1A5A8E5700D70DEA /* Release */ = {
			isa = XCBuildConfiguration;
			buildSettings = {
				GCC_PRECOMPILE_PREFIX_HEADER = YES;
				GCC_PREFIX_HEADER = "testGitHub/testGitHub-Prefix.pch";
				INFOPLIST_FILE = "testGitHub/testGitHub-Info.plist";
				PRODUCT_NAME = "$(TARGET_NAME)";
				WRAPPER_EXTENSION = app;
			};
			name = Release;
		};
/* End XCBuildConfiguration section */

/* Begin XCConfigurationList section */
		3A21AA651A5A8E5600D70DEA /* Build configuration list for PBXProject "testGitHub" */ = {
			isa = XCConfigurationList;
			buildConfigurations = (
				3A21AA8B1A5A8E5700D70DEA /* Debug */,
				3A21AA8C1A5A8E5700D70DEA /* Release */,
			);
			defaultConfigurationIsVisible = 0;
			defaultConfigurationName = Release;
		};
		3A21AA8D1A5A8E5700D70DEA /* Build configuration list for PBXNativeTarget "testGitHub" */ = {
			isa = XCConfigurationList;
			buildConfigurations = (
				3A21AA8E1A5A8E5700D70DEA /* Debug */,
				3A21AA8F1A5A8E5700D70DEA /* Release */,
			);
			defaultConfigurationIsVisible = 0;
		};
/* End XCConfigurationList section */
	};
	rootObject = 3A21AA621A5A8E5600D70DEA /* Project object */;
}
